<?xml version="1.0" encoding="utf-8"?>
<Project ToolsVersion="4.0" xmlns="http://schemas.microsoft.com/developer/msbuild/2003">
  <ItemGroup>
    <ClCompile Include="..\src\idl_gen_text.cpp">
      <Filter>source</Filter>
    </ClCompile>
    <ClCompile Include="..\src\idl_parser.cpp">
      <Filter>source</Filter>
    </ClCompile>
    <ClCompile Include="..\src\reflection.cpp">
      <Filter>source</Filter>
    </ClCompile>
    <ClCompile Include="..\src\util.cpp">
      <Filter>source</Filter>
    </ClCompile>
  </ItemGroup>
  <ItemGroup>
    <Filter Include="source">
      <UniqueIdentifier>{483f4284-4759-4f94-aecb-927a7e558eeb}</UniqueIdentifier>
    </Filter>
  </ItemGroup>
</Project>